
Microsoft Visual Studio Solution File, Format Version 12.00
# Visual Studio 15
VisualStudioVersion = 15.0.26730.16
MinimumVisualStudioVersion = 10.0.40219.1
Project("{FAE04EC0-301F-11D3-BF4B-00C04F79EFBC}") = "WebApp_MauroSergio_SistemaControlCinema", "WebApp_MauroSergio_SistemaControlCinema\WebApp_MauroSergio_SistemaControlCinema.csproj", "{EDE9E8F9-EDDA-4504-9957-7F6C22ACECE2}"
EndProject
Global
	GlobalSection(SolutionConfigurationPlatforms) = preSolution
		Debug|Any CPU = Debug|Any CPU
		Release|Any CPU = Release|Any CPU
	EndGlobalSection
	GlobalSection(ProjectConfigurationPlatforms) = postSolution
		{EDE9E8F9-EDDA-4504-9957-7F6C22ACECE2}.Debug|Any CPU.ActiveCfg = Debug|Any CPU
		{EDE9E8F9-EDDA-4504-9957-7F6C22ACECE2}.Debug|Any CPU.Build.0 = Debug|Any CPU
		{EDE9E8F9-EDDA-4504-9957-7F6C22ACECE2}.Release|Any CPU.ActiveCfg = Release|Any CPU
		{EDE9E8F9-EDDA-4504-9957-7F6C22ACECE2}.Release|Any CPU.Build.0 = Release|Any CPU
	EndGlobalSection
	GlobalSection(SolutionProperties) = preSolution
		HideSolutionNode = FALSE
	EndGlobalSection
	GlobalSection(ExtensibilityGlobals) = postSolution
		SolutionGuid = {207A954D-2BCB-4FDD-A7A5-275211793588}
	EndGlobalSection
EndGlobal
